
Microsoft Visual Studio Solution File, Format Version 12.00
# Visual Studio Version 17
VisualStudioVersion = 17.2.32602.215
MinimumVisualStudioVersion = 10.0.40219.1
Project("{FAE04EC0-301F-11D3-BF4B-00C04F79EFBC}") = "HtmlToPdfWithEF", "HtmlToPdfWithEF\HtmlToPdfWithEF.csproj", "{1D754671-9000-4CFD-A986-C648B7D581AA}"
EndProject
Global
	GlobalSection(SolutionConfigurationPlatforms) = preSolution
		Debug|Any CPU = Debug|Any CPU
		Release|Any CPU = Release|Any CPU
	EndGlobalSection
	GlobalSection(ProjectConfigurationPlatforms) = postSolution
		{1D754671-9000-4CFD-A986-C648B7D581AA}.Debug|Any CPU.ActiveCfg = Debug|Any CPU
		{1D754671-9000-4CFD-A986-C648B7D581AA}.Debug|Any CPU.Build.0 = Debug|Any CPU
		{1D754671-9000-4CFD-A986-C648B7D581AA}.Release|Any CPU.ActiveCfg = Release|Any CPU
		{1D754671-9000-4CFD-A986-C648B7D581AA}.Release|Any CPU.Build.0 = Release|Any CPU
	EndGlobalSection
	GlobalSection(SolutionProperties) = preSolution
		HideSolutionNode = FALSE
	EndGlobalSection
	GlobalSection(ExtensibilityGlobals) = postSolution
		SolutionGuid = {3BA397B4-FCBE-41DF-B0A4-9AB1428B13E0}
	EndGlobalSection
EndGlobal
